// !$*UTF8*$!
{
	archiveVersion = 1;
	classes = {
	};
	objectVersion = 46;
	objects = {

/* Begin PBXBuildFile section */
		AF48E430165DB54F00ABF0B5 /* Foundation.framework in Frameworks */ = {isa = PBXBuildFile; fileRef = AF48E42F165DB54F00ABF0B5 /* Foundation.framework */; };
		AF48E433165DB54F00ABF0B5 /* main.m in Sources */ = {isa = PBXBuildFile; fileRef = AF48E432165DB54F00ABF0B5 /* main.m */; };
		AF48E437165DB54F00ABF0B5 /* HerenciaEjemplo.1 in CopyFiles */ = {isa = PBXBuildFile; fileRef = AF48E436165DB54F00ABF0B5 /* HerenciaEjemplo.1 */; };
		AF48E43F165DB5A800ABF0B5 /* ClaseA.m in Sources */ = {isa = PBXBuildFile; fileRef = AF48E43E165DB5A800ABF0B5 /* ClaseA.m */; };
		AF48E442165DB66700ABF0B5 /* ClaseB.m in Sources */ = {isa = PBXBuildFile; fileRef = AF48E441165DB66700ABF0B5 /* ClaseB.m */; };
/* End PBXBuildFile section */

/* Begin PBXCopyFilesBuildPhase section */
		AF48E429165DB54F00ABF0B5 /* CopyFiles */ = {
			isa = PBXCopyFilesBuildPhase;
			buildActionMask = 2147483647;
			dstPath = /usr/share/man/man1/;
			dstSubfolderSpec = 0;
			files = (
				AF48E437165DB54F00ABF0B5 /* HerenciaEjemplo.1 in CopyFiles */,
			);
			runOnlyForDeploymentPostprocessing = 1;
		};
/* End PBXCopyFilesBuildPhase section */

/* Begin PBXFileReference section */
		AF48E42B165DB54F00ABF0B5 /* HerenciaEjemplo */ = {isa = PBXFileReference; explicitFileType = "compiled.mach-o.executable"; includeInIndex = 0; path = HerenciaEjemplo; sourceTree = BUILT_PRODUCTS_DIR; };
		AF48E42F165DB54F00ABF0B5 /* Foundation.framework */ = {isa = PBXFileReference; lastKnownFileType = wrapper.framework; name = Foundation.framework; path = System/Library/Frameworks/Foundation.framework; sourceTree = SDKROOT; };
		AF48E432165DB54F00ABF0B5 /* main.m */ = {isa = PBXFileReference; lastKnownFileType = sourcecode.c.objc; path = main.m; sourceTree = "<group>"; };
		AF48E435165DB54F00ABF0B5 /* HerenciaEjemplo-Prefix.pch */ = {isa = PBXFileReference; lastKnownFileType = sourcecode.c.h; path = "HerenciaEjemplo-Prefix.pch"; sourceTree = "<group>"; };
		AF48E436165DB54F00ABF0B5 /* HerenciaEjemplo.1 */ = {isa = PBXFileReference; lastKnownFileType = text.man; path = HerenciaEjemplo.1; sourceTree = "<group>"; };
		AF48E43D165DB5A800ABF0B5 /* ClaseA.h */ = {isa = PBXFileReference; fileEncoding = 4; lastKnownFileType = sourcecode.c.h; path = ClaseA.h; sourceTree = "<group>"; };
		AF48E43E165DB5A800ABF0B5 /* ClaseA.m */ = {isa = PBXFileReference; fileEncoding = 4; lastKnownFileType = sourcecode.c.objc; path = ClaseA.m; sourceTree = "<group>"; };
		AF48E440165DB66700ABF0B5 /* ClaseB.h */ = {isa = PBXFileReference; fileEncoding = 4; lastKnownFileType = sourcecode.c.h; path = ClaseB.h; sourceTree = "<group>"; };
		AF48E441165DB66700ABF0B5 /* ClaseB.m */ = {isa = PBXFileReference; fileEncoding = 4; lastKnownFileType = sourcecode.c.objc; path = ClaseB.m; sourceTree = "<group>"; };
/* End PBXFileReference section */

/* Begin PBXFrameworksBuildPhase section */
		AF48E428165DB54F00ABF0B5 /* Frameworks */ = {
			isa = PBXFrameworksBuildPhase;
			buildActionMask = 2147483647;
			files = (
				AF48E430165DB54F00ABF0B5 /* Foundation.framework in Frameworks */,
			);
			runOnlyForDeploymentPostprocessing = 0;
		};
/* End PBXFrameworksBuildPhase section */

/* Begin PBXGroup section */
		AF48E420165DB54F00ABF0B5 = {
			isa = PBXGroup;
			children = (
				AF48E440165DB66700ABF0B5 /* ClaseB.h */,
				AF48E441165DB66700ABF0B5 /* ClaseB.m */,
				AF48E43D165DB5A800ABF0B5 /* ClaseA.h */,
				AF48E43E165DB5A800ABF0B5 /* ClaseA.m */,
				AF48E431165DB54F00ABF0B5 /* HerenciaEjemplo */,
				AF48E42E165DB54F00ABF0B5 /* Frameworks */,
				AF48E42C165DB54F00ABF0B5 /* Products */,
			);
			sourceTree = "<group>";
		};
		AF48E42C165DB54F00ABF0B5 /* Products */ = {
			isa = PBXGroup;
			children = (
				AF48E42B165DB54F00ABF0B5 /* HerenciaEjemplo */,
			);
			name = Products;
			sourceTree = "<group>";
		};
		AF48E42E165DB54F00ABF0B5 /* Frameworks */ = {
			isa = PBXGroup;
			children = (
				AF48E42F165DB54F00ABF0B5 /* Foundation.framework */,
			);
			name = Frameworks;
			sourceTree = "<group>";
		};
		AF48E431165DB54F00ABF0B5 /* HerenciaEjemplo */ = {
			isa = PBXGroup;
			children = (
				AF48E432165DB54F00ABF0B5 /* main.m */,
				AF48E436165DB54F00ABF0B5 /* HerenciaEjemplo.1 */,
				AF48E434165DB54F00ABF0B5 /* Supporting Files */,
			);
			path = HerenciaEjemplo;
			sourceTree = "<group>";
		};
		AF48E434165DB54F00ABF0B5 /* Supporting Files */ = {
			isa = PBXGroup;
			children = (
				AF48E435165DB54F00ABF0B5 /* HerenciaEjemplo-Prefix.pch */,
			);
			name = "Supporting Files";
			sourceTree = "<group>";
		};
/* End PBXGroup section */

/* Begin PBXNativeTarget section */
		AF48E42A165DB54F00ABF0B5 /* HerenciaEjemplo */ = {
			isa = PBXNativeTarget;
			buildConfigurationList = AF48E43A165DB54F00ABF0B5 /* Build configuration list for PBXNativeTarget "HerenciaEjemplo" */;
			buildPhases = (
				AF48E427165DB54F00ABF0B5 /* Sources */,
				AF48E428165DB54F00ABF0B5 /* Frameworks */,
				AF48E429165DB54F00ABF0B5 /* CopyFiles */,
			);
			buildRules = (
			);
			dependencies = (
			);
			name = HerenciaEjemplo;
			productName = HerenciaEjemplo;
			productReference = AF48E42B165DB54F00ABF0B5 /* HerenciaEjemplo */;
			productType = "com.apple.product-type.tool";
		};
/* End PBXNativeTarget section */

/* Begin PBXProject section */
		AF48E422165DB54F00ABF0B5 /* Project object */ = {
			isa = PBXProject;
			attributes = {
				LastUpgradeCheck = 0450;
				ORGANIZATIONNAME = "IOS 5";
			};
			buildConfigurationList = AF48E425165DB54F00ABF0B5 /* Build configuration list for PBXProject "HerenciaEjemplo" */;
			compatibilityVersion = "Xcode 3.2";
			developmentRegion = English;
			hasScannedForEncodings = 0;
			knownRegions = (
				en,
			);
			mainGroup = AF48E420165DB54F00ABF0B5;
			productRefGroup = AF48E42C165DB54F00ABF0B5 /* Products */;
			projectDirPath = "";
			projectRoot = "";
			targets = (
				AF48E42A165DB54F00ABF0B5 /* HerenciaEjemplo */,
			);
		};
/* End PBXProject section */

/* Begin PBXSourcesBuildPhase section */
		AF48E427165DB54F00ABF0B5 /* Sources */ = {
			isa = PBXSourcesBuildPhase;
			buildActionMask = 2147483647;
			files = (
				AF48E433165DB54F00ABF0B5 /* main.m in Sources */,
				AF48E43F165DB5A800ABF0B5 /* ClaseA.m in Sources */,
				AF48E442165DB66700ABF0B5 /* ClaseB.m in Sources */,
			);
			runOnlyForDeploymentPostprocessing = 0;
		};
/* End PBXSourcesBuildPhase section */

/* Begin XCBuildConfiguration section */
		AF48E438165DB54F00ABF0B5 /* Debug */ = {
			isa = XCBuildConfiguration;
			buildSettings = {
				ALWAYS_SEARCH_USER_PATHS = NO;
				ARCHS = "$(ARCHS_STANDARD_64_BIT)";
				CLANG_CXX_LANGUAGE_STANDARD = "gnu++0x";
				CLANG_CXX_LIBRARY = "libc++";
				CLANG_ENABLE_OBJC_ARC = YES;
				CLANG_WARN_EMPTY_BODY = YES;
				CLANG_WARN__DUPLICATE_METHOD_MATCH = YES;
				COPY_PHASE_STRIP = NO;
				GCC_C_LANGUAGE_STANDARD = gnu99;
				GCC_DYNAMIC_NO_PIC = NO;
				GCC_ENABLE_OBJC_EXCEPTIONS = YES;
				GCC_OPTIMIZATION_LEVEL = 0;
				GCC_PREPROCESSOR_DEFINITIONS = (
					"DEBUG=1",
					"$(inherited)",
				);
				GCC_SYMBOLS_PRIVATE_EXTERN = NO;
				GCC_WARN_64_TO_32_BIT_CONVERSION = YES;
				GCC_WARN_ABOUT_RETURN_TYPE = YES;
				GCC_WARN_UNINITIALIZED_AUTOS = YES;
				GCC_WARN_UNUSED_VARIABLE = YES;
				MACOSX_DEPLOYMENT_TARGET = 10.7;
				ONLY_ACTIVE_ARCH = YES;
				SDKROOT = macosx;
			};
			name = Debug;
		};
		AF48E439165DB54F00ABF0B5 /* Release */ = {
			isa = XCBuildConfiguration;
			buildSettings = {
				ALWAYS_SEARCH_USER_PATHS = NO;
				ARCHS = "$(ARCHS_STANDARD_64_BIT)";
				CLANG_CXX_LANGUAGE_STANDARD = "gnu++0x";
				CLANG_CXX_LIBRARY = "libc++";
				CLANG_ENABLE_OBJC_ARC = YES;
				CLANG_WARN_EMPTY_BODY = YES;
				CLANG_WARN__DUPLICATE_METHOD_MATCH = YES;
				COPY_PHASE_STRIP = YES;
				DEBUG_INFORMATION_FORMAT = "dwarf-with-dsym";
				GCC_C_LANGUAGE_STANDARD = gnu99;
				GCC_ENABLE_OBJC_EXCEPTIONS = YES;
				GCC_WARN_64_TO_32_BIT_CONVERSION = YES;
				GCC_WARN_ABOUT_RETURN_TYPE = YES;
				GCC_WARN_UNINITIALIZED_AUTOS = YES;
				GCC_WARN_UNUSED_VARIABLE = YES;
				MACOSX_DEPLOYMENT_TARGET = 10.7;
				SDKROOT = macosx;
			};
			name = Release;
		};
		AF48E43B165DB54F00ABF0B5 /* Debug */ = {
			isa = XCBuildConfiguration;
			buildSettings = {
				GCC_PRECOMPILE_PREFIX_HEADER = YES;
				GCC_PREFIX_HEADER = "HerenciaEjemplo/HerenciaEjemplo-Prefix.pch";
				PRODUCT_NAME = "$(TARGET_NAME)";
			};
			name = Debug;
		};
		AF48E43C165DB54F00ABF0B5 /* Release */ = {
			isa = XCBuildConfiguration;
			buildSettings = {
				GCC_PRECOMPILE_PREFIX_HEADER = YES;
				GCC_PREFIX_HEADER = "HerenciaEjemplo/HerenciaEjemplo-Prefix.pch";
				PRODUCT_NAME = "$(TARGET_NAME)";
			};
			name = Release;
		};
/* End XCBuildConfiguration section */

/* Begin XCConfigurationList section */
		AF48E425165DB54F00ABF0B5 /* Build configuration list for PBXProject "HerenciaEjemplo" */ = {
			isa = XCConfigurationList;
			buildConfigurations = (
				AF48E438165DB54F00ABF0B5 /* Debug */,
				AF48E439165DB54F00ABF0B5 /* Release */,
			);
			defaultConfigurationIsVisible = 0;
			defaultConfigurationName = Release;
		};
		AF48E43A165DB54F00ABF0B5 /* Build configuration list for PBXNativeTarget "HerenciaEjemplo" */ = {
			isa = XCConfigurationList;
			buildConfigurations = (
				AF48E43B165DB54F00ABF0B5 /* Debug */,
				AF48E43C165DB54F00ABF0B5 /* Release */,
			);
			defaultConfigurationIsVisible = 0;
		};
/* End XCConfigurationList section */
	};
	rootObject = AF48E422165DB54F00ABF0B5 /* Project object */;
}
